
Microsoft Visual Studio Solution File, Format Version 12.00
# Visual Studio Version 16
VisualStudioVersion = 16.0.31624.102
MinimumVisualStudioVersion = 10.0.40219.1
Project("{FAE04EC0-301F-11D3-BF4B-00C04F79EFBC}") = "UnaryOparator", "UnaryOparator\UnaryOparator.csproj", "{852C9151-6C0B-4516-9E9C-A4A6775BFCEA}"
EndProject
Global
	GlobalSection(SolutionConfigurationPlatforms) = preSolution
		Debug|Any CPU = Debug|Any CPU
		Release|Any CPU = Release|Any CPU
	EndGlobalSection
	GlobalSection(ProjectConfigurationPlatforms) = postSolution
		{852C9151-6C0B-4516-9E9C-A4A6775BFCEA}.Debug|Any CPU.ActiveCfg = Debug|Any CPU
		{852C9151-6C0B-4516-9E9C-A4A6775BFCEA}.Debug|Any CPU.Build.0 = Debug|Any CPU
		{852C9151-6C0B-4516-9E9C-A4A6775BFCEA}.Release|Any CPU.ActiveCfg = Release|Any CPU
		{852C9151-6C0B-4516-9E9C-A4A6775BFCEA}.Release|Any CPU.Build.0 = Release|Any CPU
	EndGlobalSection
	GlobalSection(SolutionProperties) = preSolution
		HideSolutionNode = FALSE
	EndGlobalSection
	GlobalSection(ExtensibilityGlobals) = postSolution
		SolutionGuid = {BA3728BD-E552-4F6F-A7A7-97EF73AFD175}
	EndGlobalSection
EndGlobal
